// !$*UTF8*$!
{
	archiveVersion = 1;
	classes = {
	};
	objectVersion = 50;
	objects = {

/* Begin PBXBuildFile section */
		71DD8E021662B90677933E1D /* Pods_HeartPlant.framework in Frameworks */ = {isa = PBXBuildFile; fileRef = CBDA0BCCBE4C0E9F7D372720 /* Pods_HeartPlant.framework */; };
		7D3FFFA0222F332C0067A870 /* PlantDetailTopSectionCell.swift in Sources */ = {isa = PBXBuildFile; fileRef = 7D3FFF9E222F332C0067A870 /* PlantDetailTopSectionCell.swift */; };
		7D3FFFA1222F332C0067A870 /* PlantDetailTopSectionCell.xib in Resources */ = {isa = PBXBuildFile; fileRef = 7D3FFF9F222F332C0067A870 /* PlantDetailTopSectionCell.xib */; };
		7D3FFFA4222F38CB0067A870 /* PlantDetailWateringInfoCell.swift in Sources */ = {isa = PBXBuildFile; fileRef = 7D3FFFA2222F38CB0067A870 /* PlantDetailWateringInfoCell.swift */; };
		7D3FFFA5222F38CB0067A870 /* PlantDetailWateringInfoCell.xib in Resources */ = {isa = PBXBuildFile; fileRef = 7D3FFFA3222F38CB0067A870 /* PlantDetailWateringInfoCell.xib */; };
		7D3FFFA8222F3A1E0067A870 /* PlantDetailCharacteristicsInfoCell.swift in Sources */ = {isa = PBXBuildFile; fileRef = 7D3FFFA6222F3A1E0067A870 /* PlantDetailCharacteristicsInfoCell.swift */; };
		7D3FFFA9222F3A1E0067A870 /* PlantDetailCharacteristicsInfoCell.xib in Resources */ = {isa = PBXBuildFile; fileRef = 7D3FFFA7222F3A1E0067A870 /* PlantDetailCharacteristicsInfoCell.xib */; };
		7D52E729221F41C000ED3F10 /* PlantDetailViewController.swift in Sources */ = {isa = PBXBuildFile; fileRef = 7D52E727221F41C000ED3F10 /* PlantDetailViewController.swift */; };
		7D765E41221E010F005BDB30 /* AppDelegate.swift in Sources */ = {isa = PBXBuildFile; fileRef = 7D765E40221E010F005BDB30 /* AppDelegate.swift */; };
		7D765E4B221E0111005BDB30 /* LaunchScreen.storyboard in Resources */ = {isa = PBXBuildFile; fileRef = 7D765E49221E0111005BDB30 /* LaunchScreen.storyboard */; };
		7D765E56221E0111005BDB30 /* HeartPlantTests.swift in Sources */ = {isa = PBXBuildFile; fileRef = 7D765E55221E0111005BDB30 /* HeartPlantTests.swift */; };
		7D765E61221E068F005BDB30 /* PlantFeedViewController.swift in Sources */ = {isa = PBXBuildFile; fileRef = 7D765E60221E068F005BDB30 /* PlantFeedViewController.swift */; };
		7D765E6A221E085B005BDB30 /* UIView+Extensions.swift in Sources */ = {isa = PBXBuildFile; fileRef = 7D765E65221E085B005BDB30 /* UIView+Extensions.swift */; };
		7D765E6B221E085B005BDB30 /* Coordinator.swift in Sources */ = {isa = PBXBuildFile; fileRef = 7D765E66221E085B005BDB30 /* Coordinator.swift */; };
		7D765E6C221E085B005BDB30 /* UIColor+Extensions.swift in Sources */ = {isa = PBXBuildFile; fileRef = 7D765E67221E085B005BDB30 /* UIColor+Extensions.swift */; };
		7D765E70221E0974005BDB30 /* PlantFeedDataSource.swift in Sources */ = {isa = PBXBuildFile; fileRef = 7D765E6F221E0974005BDB30 /* PlantFeedDataSource.swift */; };
		7D765E72221E0A88005BDB30 /* PlantFeedCoordinator.swift in Sources */ = {isa = PBXBuildFile; fileRef = 7D765E71221E0A88005BDB30 /* PlantFeedCoordinator.swift */; };
		7D765E78221E0E29005BDB30 /* PlantFeedCell.swift in Sources */ = {isa = PBXBuildFile; fileRef = 7D765E77221E0E29005BDB30 /* PlantFeedCell.swift */; };
		7D765E7A221E0E85005BDB30 /* PlantFeedCellViewModel.swift in Sources */ = {isa = PBXBuildFile; fileRef = 7D765E79221E0E85005BDB30 /* PlantFeedCellViewModel.swift */; };
		7D7E881E2232230D0018A583 /* NSManagedObjectContext+Extensions.swift in Sources */ = {isa = PBXBuildFile; fileRef = 7D7E881D2232230D0018A583 /* NSManagedObjectContext+Extensions.swift */; };
		7D8325DE221FAED5001DDF22 /* PlantDetailCoordinator.swift in Sources */ = {isa = PBXBuildFile; fileRef = 7D8325DD221FAED5001DDF22 /* PlantDetailCoordinator.swift */; };
		7D8B219C223702F0007F3CAD /* PlantDetailsViewController.swift in Sources */ = {isa = PBXBuildFile; fileRef = 7D8B219A223702F0007F3CAD /* PlantDetailsViewController.swift */; };
		7D8B219D223702F0007F3CAD /* PlantDetailsViewController.xib in Resources */ = {isa = PBXBuildFile; fileRef = 7D8B219B223702F0007F3CAD /* PlantDetailsViewController.xib */; };
		7D93FED32230227B00585EAB /* SearchDataSource.swift in Sources */ = {isa = PBXBuildFile; fileRef = 7D93FED22230227B00585EAB /* SearchDataSource.swift */; };
		7D93FED52230281400585EAB /* CoreDataStack.swift in Sources */ = {isa = PBXBuildFile; fileRef = 7D93FED42230281400585EAB /* CoreDataStack.swift */; };
		7D93FED822302B5000585EAB /* HeartPlant.xcdatamodeld in Sources */ = {isa = PBXBuildFile; fileRef = 7D93FED622302B5000585EAB /* HeartPlant.xcdatamodeld */; };
		7D93FEDB22302C3000585EAB /* Plant+CoreDataClass.swift in Sources */ = {isa = PBXBuildFile; fileRef = 7D93FED922302C3000585EAB /* Plant+CoreDataClass.swift */; };
		7D93FEDE2230311900585EAB /* plants.plist in Resources */ = {isa = PBXBuildFile; fileRef = 7D93FEDD2230311900585EAB /* plants.plist */; };
		7D93FEE22230340800585EAB /* Plant+CoreDataProperties.swift in Sources */ = {isa = PBXBuildFile; fileRef = 7D93FEE12230340800585EAB /* Plant+CoreDataProperties.swift */; };
		7DBC1F67221EF77B0058B11D /* SearchViewController.swift in Sources */ = {isa = PBXBuildFile; fileRef = 7DBC1F66221EF77B0058B11D /* SearchViewController.swift */; };
		7DBC1F69221EF7980058B11D /* SearchCoordinator.swift in Sources */ = {isa = PBXBuildFile; fileRef = 7DBC1F68221EF7980058B11D /* SearchCoordinator.swift */; };
		7DBC1F6B221EF9200058B11D /* SearchCell.swift in Sources */ = {isa = PBXBuildFile; fileRef = 7DBC1F6A221EF9200058B11D /* SearchCell.swift */; };
		7DBC1F6D221EF9D50058B11D /* SearchCellViewModel.swift in Sources */ = {isa = PBXBuildFile; fileRef = 7DBC1F6C221EF9D50058B11D /* SearchCellViewModel.swift */; };
		7DBC1F70221EFAD20058B11D /* ProfileVIewController.swift in Sources */ = {isa = PBXBuildFile; fileRef = 7DBC1F6F221EFAD20058B11D /* ProfileVIewController.swift */; };
		7DBC1F72221EFBDA0058B11D /* MainTabBarController.swift in Sources */ = {isa = PBXBuildFile; fileRef = 7DBC1F71221EFBDA0058B11D /* MainTabBarController.swift */; };
		7DBC1F74221EFC450058B11D /* ProfileCoordinator.swift in Sources */ = {isa = PBXBuildFile; fileRef = 7DBC1F73221EFC450058B11D /* ProfileCoordinator.swift */; };
		7DBC1F76221F054C0058B11D /* ColorManager.swift in Sources */ = {isa = PBXBuildFile; fileRef = 7DBC1F75221F054C0058B11D /* ColorManager.swift */; };
		7DBC1F77221F11730058B11D /* Assets.xcassets in Resources */ = {isa = PBXBuildFile; fileRef = 7D765E47221E0111005BDB30 /* Assets.xcassets */; };
		7DBC1F79221F2A320058B11D /* PlantFeedCell.xib in Resources */ = {isa = PBXBuildFile; fileRef = 7DBC1F78221F2A320058B11D /* PlantFeedCell.xib */; };
		7DF72F522236B2CE0035BEAC /* Result.swift in Sources */ = {isa = PBXBuildFile; fileRef = 7DF72F512236B2CE0035BEAC /* Result.swift */; };
		9AC37ACE568D03BB66045975 /* Pods_HeartPlantTests.framework in Frameworks */ = {isa = PBXBuildFile; fileRef = 5A02EA70DEB20416C94E223F /* Pods_HeartPlantTests.framework */; };
/* End PBXBuildFile section */

/* Begin PBXContainerItemProxy section */
		7D765E52221E0111005BDB30 /* PBXContainerItemProxy */ = {
			isa = PBXContainerItemProxy;
			containerPortal = 7D765E35221E010F005BDB30 /* Project object */;
			proxyType = 1;
			remoteGlobalIDString = 7D765E3C221E010F005BDB30;
			remoteInfo = HeartPlant;
		};
/* End PBXContainerItemProxy section */

/* Begin PBXFileReference section */
		028BF99CAF046B2F179DCB9F /* Pods-HeartPlantTests.release.xcconfig */ = {isa = PBXFileReference; includeInIndex = 1; lastKnownFileType = text.xcconfig; name = "Pods-HeartPlantTests.release.xcconfig"; path = "Pods/Target Support Files/Pods-HeartPlantTests/Pods-HeartPlantTests.release.xcconfig"; sourceTree = "<group>"; };
		382DA4D4D9791A8530EF71BC /* Pods-HeartPlant.release.xcconfig */ = {isa = PBXFileReference; includeInIndex = 1; lastKnownFileType = text.xcconfig; name = "Pods-HeartPlant.release.xcconfig"; path = "Pods/Target Support Files/Pods-HeartPlant/Pods-HeartPlant.release.xcconfig"; sourceTree = "<group>"; };
		5A02EA70DEB20416C94E223F /* Pods_HeartPlantTests.framework */ = {isa = PBXFileReference; explicitFileType = wrapper.framework; includeInIndex = 0; path = Pods_HeartPlantTests.framework; sourceTree = BUILT_PRODUCTS_DIR; };
		78727553C0F97F1E7CCE69DE /* Pods-HeartPlantTests.debug.xcconfig */ = {isa = PBXFileReference; includeInIndex = 1; lastKnownFileType = text.xcconfig; name = "Pods-HeartPlantTests.debug.xcconfig"; path = "Pods/Target Support Files/Pods-HeartPlantTests/Pods-HeartPlantTests.debug.xcconfig"; sourceTree = "<group>"; };
		7D3FFF9E222F332C0067A870 /* PlantDetailTopSectionCell.swift */ = {isa = PBXFileReference; lastKnownFileType = sourcecode.swift; path = PlantDetailTopSectionCell.swift; sourceTree = "<group>"; };
		7D3FFF9F222F332C0067A870 /* PlantDetailTopSectionCell.xib */ = {isa = PBXFileReference; lastKnownFileType = file.xib; path = PlantDetailTopSectionCell.xib; sourceTree = "<group>"; };
		7D3FFFA2222F38CB0067A870 /* PlantDetailWateringInfoCell.swift */ = {isa = PBXFileReference; lastKnownFileType = sourcecode.swift; path = PlantDetailWateringInfoCell.swift; sourceTree = "<group>"; };
		7D3FFFA3222F38CB0067A870 /* PlantDetailWateringInfoCell.xib */ = {isa = PBXFileReference; lastKnownFileType = file.xib; path = PlantDetailWateringInfoCell.xib; sourceTree = "<group>"; };
		7D3FFFA6222F3A1E0067A870 /* PlantDetailCharacteristicsInfoCell.swift */ = {isa = PBXFileReference; lastKnownFileType = sourcecode.swift; path = PlantDetailCharacteristicsInfoCell.swift; sourceTree = "<group>"; };
		7D3FFFA7222F3A1E0067A870 /* PlantDetailCharacteristicsInfoCell.xib */ = {isa = PBXFileReference; lastKnownFileType = file.xib; path = PlantDetailCharacteristicsInfoCell.xib; sourceTree = "<group>"; };
		7D52E727221F41C000ED3F10 /* PlantDetailViewController.swift */ = {isa = PBXFileReference; lastKnownFileType = sourcecode.swift; path = PlantDetailViewController.swift; sourceTree = "<group>"; };
		7D765E3D221E010F005BDB30 /* HeartPlant.app */ = {isa = PBXFileReference; explicitFileType = wrapper.application; includeInIndex = 0; path = HeartPlant.app; sourceTree = BUILT_PRODUCTS_DIR; };
		7D765E40221E010F005BDB30 /* AppDelegate.swift */ = {isa = PBXFileReference; lastKnownFileType = sourcecode.swift; path = AppDelegate.swift; sourceTree = "<group>"; };
		7D765E47221E0111005BDB30 /* Assets.xcassets */ = {isa = PBXFileReference; lastKnownFileType = folder.assetcatalog; path = Assets.xcassets; sourceTree = "<group>"; };
		7D765E4A221E0111005BDB30 /* Base */ = {isa = PBXFileReference; lastKnownFileType = file.storyboard; name = Base; path = Base.lproj/LaunchScreen.storyboard; sourceTree = "<group>"; };
		7D765E4C221E0111005BDB30 /* Info.plist */ = {isa = PBXFileReference; lastKnownFileType = text.plist.xml; path = Info.plist; sourceTree = "<group>"; };
		7D765E51221E0111005BDB30 /* HeartPlantTests.xctest */ = {isa = PBXFileReference; explicitFileType = wrapper.cfbundle; includeInIndex = 0; path = HeartPlantTests.xctest; sourceTree = BUILT_PRODUCTS_DIR; };
		7D765E55221E0111005BDB30 /* HeartPlantTests.swift */ = {isa = PBXFileReference; lastKnownFileType = sourcecode.swift; path = HeartPlantTests.swift; sourceTree = "<group>"; };
		7D765E57221E0111005BDB30 /* Info.plist */ = {isa = PBXFileReference; lastKnownFileType = text.plist.xml; path = Info.plist; sourceTree = "<group>"; };
		7D765E60221E068F005BDB30 /* PlantFeedViewController.swift */ = {isa = PBXFileReference; lastKnownFileType = sourcecode.swift; path = PlantFeedViewController.swift; sourceTree = "<group>"; };
		7D765E65221E085B005BDB30 /* UIView+Extensions.swift */ = {isa = PBXFileReference; fileEncoding = 4; lastKnownFileType = sourcecode.swift; path = "UIView+Extensions.swift"; sourceTree = "<group>"; };
		7D765E66221E085B005BDB30 /* Coordinator.swift */ = {isa = PBXFileReference; fileEncoding = 4; lastKnownFileType = sourcecode.swift; path = Coordinator.swift; sourceTree = "<group>"; };
		7D765E67221E085B005BDB30 /* UIColor+Extensions.swift */ = {isa = PBXFileReference; fileEncoding = 4; lastKnownFileType = sourcecode.swift; path = "UIColor+Extensions.swift"; sourceTree = "<group>"; };
		7D765E6F221E0974005BDB30 /* PlantFeedDataSource.swift */ = {isa = PBXFileReference; lastKnownFileType = sourcecode.swift; path = PlantFeedDataSource.swift; sourceTree = "<group>"; };
		7D765E71221E0A88005BDB30 /* PlantFeedCoordinator.swift */ = {isa = PBXFileReference; lastKnownFileType = sourcecode.swift; path = PlantFeedCoordinator.swift; sourceTree = "<group>"; };
		7D765E77221E0E29005BDB30 /* PlantFeedCell.swift */ = {isa = PBXFileReference; lastKnownFileType = sourcecode.swift; path = PlantFeedCell.swift; sourceTree = "<group>"; };
		7D765E79221E0E85005BDB30 /* PlantFeedCellViewModel.swift */ = {isa = PBXFileReference; lastKnownFileType = sourcecode.swift; path = PlantFeedCellViewModel.swift; sourceTree = "<group>"; };
		7D7E881D2232230D0018A583 /* NSManagedObjectContext+Extensions.swift */ = {isa = PBXFileReference; lastKnownFileType = sourcecode.swift; path = "NSManagedObjectContext+Extensions.swift"; sourceTree = "<group>"; };
		7D8325DD221FAED5001DDF22 /* PlantDetailCoordinator.swift */ = {isa = PBXFileReference; lastKnownFileType = sourcecode.swift; path = PlantDetailCoordinator.swift; sourceTree = "<group>"; };
		7D8B219A223702F0007F3CAD /* PlantDetailsViewController.swift */ = {isa = PBXFileReference; lastKnownFileType = sourcecode.swift; path = PlantDetailsViewController.swift; sourceTree = "<group>"; };
		7D8B219B223702F0007F3CAD /* PlantDetailsViewController.xib */ = {isa = PBXFileReference; lastKnownFileType = file.xib; path = PlantDetailsViewController.xib; sourceTree = "<group>"; };
		7D93FED22230227B00585EAB /* SearchDataSource.swift */ = {isa = PBXFileReference; lastKnownFileType = sourcecode.swift; path = SearchDataSource.swift; sourceTree = "<group>"; };
		7D93FED42230281400585EAB /* CoreDataStack.swift */ = {isa = PBXFileReference; lastKnownFileType = sourcecode.swift; path = CoreDataStack.swift; sourceTree = "<group>"; };
		7D93FED722302B5000585EAB /* HeartPlant.xcdatamodel */ = {isa = PBXFileReference; lastKnownFileType = wrapper.xcdatamodel; path = HeartPlant.xcdatamodel; sourceTree = "<group>"; };
		7D93FED922302C3000585EAB /* Plant+CoreDataClass.swift */ = {isa = PBXFileReference; lastKnownFileType = sourcecode.swift; path = "Plant+CoreDataClass.swift"; sourceTree = "<group>"; };
		7D93FEDD2230311900585EAB /* plants.plist */ = {isa = PBXFileReference; lastKnownFileType = text.plist.xml; path = plants.plist; sourceTree = "<group>"; };
		7D93FEE12230340800585EAB /* Plant+CoreDataProperties.swift */ = {isa = PBXFileReference; lastKnownFileType = sourcecode.swift; path = "Plant+CoreDataProperties.swift"; sourceTree = "<group>"; };
		7DBC1F66221EF77B0058B11D /* SearchViewController.swift */ = {isa = PBXFileReference; lastKnownFileType = sourcecode.swift; path = SearchViewController.swift; sourceTree = "<group>"; };
		7DBC1F68221EF7980058B11D /* SearchCoordinator.swift */ = {isa = PBXFileReference; lastKnownFileType = sourcecode.swift; path = SearchCoordinator.swift; sourceTree = "<group>"; };
		7DBC1F6A221EF9200058B11D /* SearchCell.swift */ = {isa = PBXFileReference; lastKnownFileType = sourcecode.swift; path = SearchCell.swift; sourceTree = "<group>"; };
		7DBC1F6C221EF9D50058B11D /* SearchCellViewModel.swift */ = {isa = PBXFileReference; lastKnownFileType = sourcecode.swift; path = SearchCellViewModel.swift; sourceTree = "<group>"; };
		7DBC1F6F221EFAD20058B11D /* ProfileVIewController.swift */ = {isa = PBXFileReference; lastKnownFileType = sourcecode.swift; path = ProfileVIewController.swift; sourceTree = "<group>"; };
		7DBC1F71221EFBDA0058B11D /* MainTabBarController.swift */ = {isa = PBXFileReference; lastKnownFileType = sourcecode.swift; path = MainTabBarController.swift; sourceTree = "<group>"; };
		7DBC1F73221EFC450058B11D /* ProfileCoordinator.swift */ = {isa = PBXFileReference; lastKnownFileType = sourcecode.swift; path = ProfileCoordinator.swift; sourceTree = "<group>"; };
		7DBC1F75221F054C0058B11D /* ColorManager.swift */ = {isa = PBXFileReference; lastKnownFileType = sourcecode.swift; path = ColorManager.swift; sourceTree = "<group>"; };
		7DBC1F78221F2A320058B11D /* PlantFeedCell.xib */ = {isa = PBXFileReference; lastKnownFileType = file.xib; path = PlantFeedCell.xib; sourceTree = "<group>"; };
		7DF72F512236B2CE0035BEAC /* Result.swift */ = {isa = PBXFileReference; lastKnownFileType = sourcecode.swift; path = Result.swift; sourceTree = "<group>"; };
		86B929A766A1314AA400462E /* Pods-HeartPlant.debug.xcconfig */ = {isa = PBXFileReference; includeInIndex = 1; lastKnownFileType = text.xcconfig; name = "Pods-HeartPlant.debug.xcconfig"; path = "Pods/Target Support Files/Pods-HeartPlant/Pods-HeartPlant.debug.xcconfig"; sourceTree = "<group>"; };
		CBDA0BCCBE4C0E9F7D372720 /* Pods_HeartPlant.framework */ = {isa = PBXFileReference; explicitFileType = wrapper.framework; includeInIndex = 0; path = Pods_HeartPlant.framework; sourceTree = BUILT_PRODUCTS_DIR; };
/* End PBXFileReference section */

/* Begin PBXFrameworksBuildPhase section */
		7D765E3A221E010F005BDB30 /* Frameworks */ = {
			isa = PBXFrameworksBuildPhase;
			buildActionMask = 2147483647;
			files = (
				71DD8E021662B90677933E1D /* Pods_HeartPlant.framework in Frameworks */,
			);
			runOnlyForDeploymentPostprocessing = 0;
		};
		7D765E4E221E0111005BDB30 /* Frameworks */ = {
			isa = PBXFrameworksBuildPhase;
			buildActionMask = 2147483647;
			files = (
				9AC37ACE568D03BB66045975 /* Pods_HeartPlantTests.framework in Frameworks */,
			);
			runOnlyForDeploymentPostprocessing = 0;
		};
/* End PBXFrameworksBuildPhase section */

/* Begin PBXGroup section */
		01648BC4E63FC035C9B00623 /* Frameworks */ = {
			isa = PBXGroup;
			children = (
				CBDA0BCCBE4C0E9F7D372720 /* Pods_HeartPlant.framework */,
				5A02EA70DEB20416C94E223F /* Pods_HeartPlantTests.framework */,
			);
			name = Frameworks;
			sourceTree = "<group>";
		};
		7D3FFF9D222EEC440067A870 /* Managers */ = {
			isa = PBXGroup;
			children = (
				7DBC1F75221F054C0058B11D /* ColorManager.swift */,
			);
			path = Managers;
			sourceTree = "<group>";
		};
		7D3FFFAA222F3A260067A870 /* Views */ = {
			isa = PBXGroup;
			children = (
				7D3FFFA6222F3A1E0067A870 /* PlantDetailCharacteristicsInfoCell.swift */,
				7D3FFF9E222F332C0067A870 /* PlantDetailTopSectionCell.swift */,
				7D3FFFA2222F38CB0067A870 /* PlantDetailWateringInfoCell.swift */,
				7D3FFFA7222F3A1E0067A870 /* PlantDetailCharacteristicsInfoCell.xib */,
				7D3FFF9F222F332C0067A870 /* PlantDetailTopSectionCell.xib */,
				7D3FFFA3222F38CB0067A870 /* PlantDetailWateringInfoCell.xib */,
			);
			path = Views;
			sourceTree = "<group>";
		};
		7D765E34221E010F005BDB30 = {
			isa = PBXGroup;
			children = (
				7D765E3F221E010F005BDB30 /* HeartPlant */,
				7D765E54221E0111005BDB30 /* HeartPlantTests */,
				7D765E3E221E010F005BDB30 /* Products */,
				FBB217219EE99C4DC2153E61 /* Pods */,
				01648BC4E63FC035C9B00623 /* Frameworks */,
			);
			sourceTree = "<group>";
		};
		7D765E3E221E010F005BDB30 /* Products */ = {
			isa = PBXGroup;
			children = (
				7D765E3D221E010F005BDB30 /* HeartPlant.app */,
				7D765E51221E0111005BDB30 /* HeartPlantTests.xctest */,
			);
			name = Products;
			sourceTree = "<group>";
		};
		7D765E3F221E010F005BDB30 /* HeartPlant */ = {
			isa = PBXGroup;
			children = (
				7D765E4C221E0111005BDB30 /* Info.plist */,
				7D765E7D221E1344005BDB30 /* Resources */,
				7D765E62221E083F005BDB30 /* Utilities */,
				7D765E75221E0BEE005BDB30 /* App */,
				7D765E6D221E092E005BDB30 /* Screens */,
			);
			path = HeartPlant;
			sourceTree = "<group>";
		};
		7D765E54221E0111005BDB30 /* HeartPlantTests */ = {
			isa = PBXGroup;
			children = (
				7D765E55221E0111005BDB30 /* HeartPlantTests.swift */,
				7D765E57221E0111005BDB30 /* Info.plist */,
			);
			path = HeartPlantTests;
			sourceTree = "<group>";
		};
		7D765E62221E083F005BDB30 /* Utilities */ = {
			isa = PBXGroup;
			children = (
				7D765E66221E085B005BDB30 /* Coordinator.swift */,
				7D765E67221E085B005BDB30 /* UIColor+Extensions.swift */,
				7D765E65221E085B005BDB30 /* UIView+Extensions.swift */,
				7DF72F512236B2CE0035BEAC /* Result.swift */,
			);
			path = Utilities;
			sourceTree = "<group>";
		};
		7D765E6D221E092E005BDB30 /* Screens */ = {
			isa = PBXGroup;
			children = (
				7D765E6E221E095A005BDB30 /* PlantFeed */,
				7DBC1F7A221F3F6F0058B11D /* PlantDetail */,
				7DBC1F6E221EFA3C0058B11D /* Profile */,
				7DBC1F65221EF75C0058B11D /* Search */,
			);
			path = Screens;
			sourceTree = "<group>";
		};
		7D765E6E221E095A005BDB30 /* PlantFeed */ = {
			isa = PBXGroup;
			children = (
				7D93FED922302C3000585EAB /* Plant+CoreDataClass.swift */,
				7D93FEE12230340800585EAB /* Plant+CoreDataProperties.swift */,
				7D765E77221E0E29005BDB30 /* PlantFeedCell.swift */,
				7D765E79221E0E85005BDB30 /* PlantFeedCellViewModel.swift */,
				7D765E71221E0A88005BDB30 /* PlantFeedCoordinator.swift */,
				7D765E6F221E0974005BDB30 /* PlantFeedDataSource.swift */,
				7D765E60221E068F005BDB30 /* PlantFeedViewController.swift */,
				7DBC1F78221F2A320058B11D /* PlantFeedCell.xib */,
			);
			path = PlantFeed;
			sourceTree = "<group>";
		};
		7D765E75221E0BEE005BDB30 /* App */ = {
			isa = PBXGroup;
			children = (
				7D765E40221E010F005BDB30 /* AppDelegate.swift */,
				7DBC1F71221EFBDA0058B11D /* MainTabBarController.swift */,
				7D93FEE322303CCD00585EAB /* CoreData */,
				7D3FFF9D222EEC440067A870 /* Managers */,
			);
			path = App;
			sourceTree = "<group>";
		};
		7D765E7D221E1344005BDB30 /* Resources */ = {
			isa = PBXGroup;
			children = (
				7D765E49221E0111005BDB30 /* LaunchScreen.storyboard */,
				7D765E47221E0111005BDB30 /* Assets.xcassets */,
				7D93FEDD2230311900585EAB /* plants.plist */,
			);
			path = Resources;
			sourceTree = "<group>";
		};
		7D93FEE322303CCD00585EAB /* CoreData */ = {
			isa = PBXGroup;
			children = (
				7D93FED42230281400585EAB /* CoreDataStack.swift */,
				7D7E881D2232230D0018A583 /* NSManagedObjectContext+Extensions.swift */,
				7D93FED622302B5000585EAB /* HeartPlant.xcdatamodeld */,
			);
			path = CoreData;
			sourceTree = "<group>";
		};
		7DBC1F65221EF75C0058B11D /* Search */ = {
			isa = PBXGroup;
			children = (
				7DBC1F6A221EF9200058B11D /* SearchCell.swift */,
				7DBC1F6C221EF9D50058B11D /* SearchCellViewModel.swift */,
				7DBC1F68221EF7980058B11D /* SearchCoordinator.swift */,
				7D93FED22230227B00585EAB /* SearchDataSource.swift */,
				7DBC1F66221EF77B0058B11D /* SearchViewController.swift */,
			);
			path = Search;
			sourceTree = "<group>";
		};
		7DBC1F6E221EFA3C0058B11D /* Profile */ = {
			isa = PBXGroup;
			children = (
				7DBC1F73221EFC450058B11D /* ProfileCoordinator.swift */,
				7DBC1F6F221EFAD20058B11D /* ProfileVIewController.swift */,
			);
			path = Profile;
			sourceTree = "<group>";
		};
		7DBC1F7A221F3F6F0058B11D /* PlantDetail */ = {
			isa = PBXGroup;
			children = (
				7D8325DD221FAED5001DDF22 /* PlantDetailCoordinator.swift */,
				7D52E727221F41C000ED3F10 /* PlantDetailViewController.swift */,
				7D8B219A223702F0007F3CAD /* PlantDetailsViewController.swift */,
				7D8B219B223702F0007F3CAD /* PlantDetailsViewController.xib */,
				7D3FFFAA222F3A260067A870 /* Views */,
			);
			path = PlantDetail;
			sourceTree = "<group>";
		};
		FBB217219EE99C4DC2153E61 /* Pods */ = {
			isa = PBXGroup;
			children = (
				86B929A766A1314AA400462E /* Pods-HeartPlant.debug.xcconfig */,
				382DA4D4D9791A8530EF71BC /* Pods-HeartPlant.release.xcconfig */,
				78727553C0F97F1E7CCE69DE /* Pods-HeartPlantTests.debug.xcconfig */,
				028BF99CAF046B2F179DCB9F /* Pods-HeartPlantTests.release.xcconfig */,
			);
			name = Pods;
			sourceTree = "<group>";
		};
/* End PBXGroup section */

/* Begin PBXNativeTarget section */
		7D765E3C221E010F005BDB30 /* HeartPlant */ = {
			isa = PBXNativeTarget;
			buildConfigurationList = 7D765E5A221E0111005BDB30 /* Build configuration list for PBXNativeTarget "HeartPlant" */;
			buildPhases = (
				129469DC9A4D4D715DC3C9EA /* [CP] Check Pods Manifest.lock */,
				7D765E39221E010F005BDB30 /* Sources */,
				7D765E3A221E010F005BDB30 /* Frameworks */,
				7D765E3B221E010F005BDB30 /* Resources */,
				69FFA9D46F24865EB7E5DEBF /* [CP] Embed Pods Frameworks */,
			);
			buildRules = (
			);
			dependencies = (
			);
			name = HeartPlant;
			productName = HeartPlant;
			productReference = 7D765E3D221E010F005BDB30 /* HeartPlant.app */;
			productType = "com.apple.product-type.application";
		};
		7D765E50221E0111005BDB30 /* HeartPlantTests */ = {
			isa = PBXNativeTarget;
			buildConfigurationList = 7D765E5D221E0111005BDB30 /* Build configuration list for PBXNativeTarget "HeartPlantTests" */;
			buildPhases = (
				9ADED6922276175564958179 /* [CP] Check Pods Manifest.lock */,
				7D765E4D221E0111005BDB30 /* Sources */,
				7D765E4E221E0111005BDB30 /* Frameworks */,
				7D765E4F221E0111005BDB30 /* Resources */,
			);
			buildRules = (
			);
			dependencies = (
				7D765E53221E0111005BDB30 /* PBXTargetDependency */,
			);
			name = HeartPlantTests;
			productName = HeartPlantTests;
			productReference = 7D765E51221E0111005BDB30 /* HeartPlantTests.xctest */;
			productType = "com.apple.product-type.bundle.unit-test";
		};
/* End PBXNativeTarget section */

/* Begin PBXProject section */
		7D765E35221E010F005BDB30 /* Project object */ = {
			isa = PBXProject;
			attributes = {
				LastSwiftUpdateCheck = 1010;
				LastUpgradeCheck = 1010;
				ORGANIZATIONNAME = "Jason Ngo";
				TargetAttributes = {
					7D765E3C221E010F005BDB30 = {
						CreatedOnToolsVersion = 10.1;
					};
					7D765E50221E0111005BDB30 = {
						CreatedOnToolsVersion = 10.1;
						TestTargetID = 7D765E3C221E010F005BDB30;
					};
				};
			};
			buildConfigurationList = 7D765E38221E010F005BDB30 /* Build configuration list for PBXProject "HeartPlant" */;
			compatibilityVersion = "Xcode 9.3";
			developmentRegion = en;
			hasScannedForEncodings = 0;
			knownRegions = (
				en,
				Base,
			);
			mainGroup = 7D765E34221E010F005BDB30;
			productRefGroup = 7D765E3E221E010F005BDB30 /* Products */;
			projectDirPath = "";
			projectRoot = "";
			targets = (
				7D765E3C221E010F005BDB30 /* HeartPlant */,
				7D765E50221E0111005BDB30 /* HeartPlantTests */,
			);
		};
/* End PBXProject section */

/* Begin PBXResourcesBuildPhase section */
		7D765E3B221E010F005BDB30 /* Resources */ = {
			isa = PBXResourcesBuildPhase;
			buildActionMask = 2147483647;
			files = (
				7D93FEDE2230311900585EAB /* plants.plist in Resources */,
				7D3FFFA1222F332C0067A870 /* PlantDetailTopSectionCell.xib in Resources */,
				7DBC1F79221F2A320058B11D /* PlantFeedCell.xib in Resources */,
				7D8B219D223702F0007F3CAD /* PlantDetailsViewController.xib in Resources */,
				7DBC1F77221F11730058B11D /* Assets.xcassets in Resources */,
				7D3FFFA9222F3A1E0067A870 /* PlantDetailCharacteristicsInfoCell.xib in Resources */,
				7D765E4B221E0111005BDB30 /* LaunchScreen.storyboard in Resources */,
				7D3FFFA5222F38CB0067A870 /* PlantDetailWateringInfoCell.xib in Resources */,
			);
			runOnlyForDeploymentPostprocessing = 0;
		};
		7D765E4F221E0111005BDB30 /* Resources */ = {
			isa = PBXResourcesBuildPhase;
			buildActionMask = 2147483647;
			files = (
			);
			runOnlyForDeploymentPostprocessing = 0;
		};
/* End PBXResourcesBuildPhase section */

/* Begin PBXShellScriptBuildPhase section */
		129469DC9A4D4D715DC3C9EA /* [CP] Check Pods Manifest.lock */ = {
			isa = PBXShellScriptBuildPhase;
			buildActionMask = 2147483647;
			files = (
			);
			inputFileListPaths = (
			);
			inputPaths = (
				"${PODS_PODFILE_DIR_PATH}/Podfile.lock",
				"${PODS_ROOT}/Manifest.lock",
			);
			name = "[CP] Check Pods Manifest.lock";
			outputFileListPaths = (
			);
			outputPaths = (
				"$(DERIVED_FILE_DIR)/Pods-HeartPlant-checkManifestLockResult.txt",
			);
			runOnlyForDeploymentPostprocessing = 0;
			shellPath = /bin/sh;
			shellScript = "diff \"${PODS_PODFILE_DIR_PATH}/Podfile.lock\" \"${PODS_ROOT}/Manifest.lock\" > /dev/null\nif [ $? != 0 ] ; then\n    # print error to STDERR\n    echo \"error: The sandbox is not in sync with the Podfile.lock. Run 'pod install' or update your CocoaPods installation.\" >&2\n    exit 1\nfi\n# This output is used by Xcode 'outputs' to avoid re-running this script phase.\necho \"SUCCESS\" > \"${SCRIPT_OUTPUT_FILE_0}\"\n";
			showEnvVarsInLog = 0;
		};
		69FFA9D46F24865EB7E5DEBF /* [CP] Embed Pods Frameworks */ = {
			isa = PBXShellScriptBuildPhase;
			buildActionMask = 2147483647;
			files = (
			);
			inputFileListPaths = (
			);
			inputPaths = (
				"${SRCROOT}/Pods/Target Support Files/Pods-HeartPlant/Pods-HeartPlant-frameworks.sh",
				"${BUILT_PRODUCTS_DIR}/JGProgressHUD/JGProgressHUD.framework",
			);
			name = "[CP] Embed Pods Frameworks";
			outputFileListPaths = (
			);
			outputPaths = (
				"${TARGET_BUILD_DIR}/${FRAMEWORKS_FOLDER_PATH}/JGProgressHUD.framework",
			);
			runOnlyForDeploymentPostprocessing = 0;
			shellPath = /bin/sh;
			shellScript = "\"${SRCROOT}/Pods/Target Support Files/Pods-HeartPlant/Pods-HeartPlant-frameworks.sh\"\n";
			showEnvVarsInLog = 0;
		};
		9ADED6922276175564958179 /* [CP] Check Pods Manifest.lock */ = {
			isa = PBXShellScriptBuildPhase;
			buildActionMask = 2147483647;
			files = (
			);
			inputFileListPaths = (
			);
			inputPaths = (
				"${PODS_PODFILE_DIR_PATH}/Podfile.lock",
				"${PODS_ROOT}/Manifest.lock",
			);
			name = "[CP] Check Pods Manifest.lock";
			outputFileListPaths = (
			);
			outputPaths = (
				"$(DERIVED_FILE_DIR)/Pods-HeartPlantTests-checkManifestLockResult.txt",
			);
			runOnlyForDeploymentPostprocessing = 0;
			shellPath = /bin/sh;
			shellScript = "diff \"${PODS_PODFILE_DIR_PATH}/Podfile.lock\" \"${PODS_ROOT}/Manifest.lock\" > /dev/null\nif [ $? != 0 ] ; then\n    # print error to STDERR\n    echo \"error: The sandbox is not in sync with the Podfile.lock. Run 'pod install' or update your CocoaPods installation.\" >&2\n    exit 1\nfi\n# This output is used by Xcode 'outputs' to avoid re-running this script phase.\necho \"SUCCESS\" > \"${SCRIPT_OUTPUT_FILE_0}\"\n";
			showEnvVarsInLog = 0;
		};
/* End PBXShellScriptBuildPhase section */

/* Begin PBXSourcesBuildPhase section */
		7D765E39221E010F005BDB30 /* Sources */ = {
			isa = PBXSourcesBuildPhase;
			buildActionMask = 2147483647;
			files = (
				7DBC1F70221EFAD20058B11D /* ProfileVIewController.swift in Sources */,
				7DBC1F72221EFBDA0058B11D /* MainTabBarController.swift in Sources */,
				7D8325DE221FAED5001DDF22 /* PlantDetailCoordinator.swift in Sources */,
				7D765E61221E068F005BDB30 /* PlantFeedViewController.swift in Sources */,
				7D93FED52230281400585EAB /* CoreDataStack.swift in Sources */,
				7D765E7A221E0E85005BDB30 /* PlantFeedCellViewModel.swift in Sources */,
				7DBC1F76221F054C0058B11D /* ColorManager.swift in Sources */,
				7D93FED822302B5000585EAB /* HeartPlant.xcdatamodeld in Sources */,
				7D765E70221E0974005BDB30 /* PlantFeedDataSource.swift in Sources */,
				7DBC1F6D221EF9D50058B11D /* SearchCellViewModel.swift in Sources */,
				7D8B219C223702F0007F3CAD /* PlantDetailsViewController.swift in Sources */,
				7DBC1F74221EFC450058B11D /* ProfileCoordinator.swift in Sources */,
				7D765E6B221E085B005BDB30 /* Coordinator.swift in Sources */,
				7D3FFFA8222F3A1E0067A870 /* PlantDetailCharacteristicsInfoCell.swift in Sources */,
				7D765E72221E0A88005BDB30 /* PlantFeedCoordinator.swift in Sources */,
				7DBC1F6B221EF9200058B11D /* SearchCell.swift in Sources */,
				7D7E881E2232230D0018A583 /* NSManagedObjectContext+Extensions.swift in Sources */,
				7D765E6A221E085B005BDB30 /* UIView+Extensions.swift in Sources */,
				7DBC1F69221EF7980058B11D /* SearchCoordinator.swift in Sources */,
				7D765E6C221E085B005BDB30 /* UIColor+Extensions.swift in Sources */,
				7DBC1F67221EF77B0058B11D /* SearchViewController.swift in Sources */,
				7D93FEE22230340800585EAB /* Plant+CoreDataProperties.swift in Sources */,
				7D93FED32230227B00585EAB /* SearchDataSource.swift in Sources */,
				7D93FEDB22302C3000585EAB /* Plant+CoreDataClass.swift in Sources */,
				7D765E41221E010F005BDB30 /* AppDelegate.swift in Sources */,
				7DF72F522236B2CE0035BEAC /* Result.swift in Sources */,
				7D3FFFA0222F332C0067A870 /* PlantDetailTopSectionCell.swift in Sources */,
				7D52E729221F41C000ED3F10 /* PlantDetailViewController.swift in Sources */,
				7D3FFFA4222F38CB0067A870 /* PlantDetailWateringInfoCell.swift in Sources */,
				7D765E78221E0E29005BDB30 /* PlantFeedCell.swift in Sources */,
			);
			runOnlyForDeploymentPostprocessing = 0;
		};
		7D765E4D221E0111005BDB30 /* Sources */ = {
			isa = PBXSourcesBuildPhase;
			buildActionMask = 2147483647;
			files = (
				7D765E56221E0111005BDB30 /* HeartPlantTests.swift in Sources */,
			);
			runOnlyForDeploymentPostprocessing = 0;
		};
/* End PBXSourcesBuildPhase section */

/* Begin PBXTargetDependency section */
		7D765E53221E0111005BDB30 /* PBXTargetDependency */ = {
			isa = PBXTargetDependency;
			target = 7D765E3C221E010F005BDB30 /* HeartPlant */;
			targetProxy = 7D765E52221E0111005BDB30 /* PBXContainerItemProxy */;
		};
/* End PBXTargetDependency section */

/* Begin PBXVariantGroup section */
		7D765E49221E0111005BDB30 /* LaunchScreen.storyboard */ = {
			isa = PBXVariantGroup;
			children = (
				7D765E4A221E0111005BDB30 /* Base */,
			);
			name = LaunchScreen.storyboard;
			sourceTree = "<group>";
		};
/* End PBXVariantGroup section */

/* Begin XCBuildConfiguration section */
		7D765E58221E0111005BDB30 /* Debug */ = {
			isa = XCBuildConfiguration;
			buildSettings = {
				ALWAYS_SEARCH_USER_PATHS = NO;
				CLANG_ANALYZER_NONNULL = YES;
				CLANG_ANALYZER_NUMBER_OBJECT_CONVERSION = YES_AGGRESSIVE;
				CLANG_CXX_LANGUAGE_STANDARD = "gnu++14";
				CLANG_CXX_LIBRARY = "libc++";
				CLANG_ENABLE_MODULES = YES;
				CLANG_ENABLE_OBJC_ARC = YES;
				CLANG_ENABLE_OBJC_WEAK = YES;
				CLANG_WARN_BLOCK_CAPTURE_AUTORELEASING = YES;
				CLANG_WARN_BOOL_CONVERSION = YES;
				CLANG_WARN_COMMA = YES;
				CLANG_WARN_CONSTANT_CONVERSION = YES;
				CLANG_WARN_DEPRECATED_OBJC_IMPLEMENTATIONS = YES;
				CLANG_WARN_DIRECT_OBJC_ISA_USAGE = YES_ERROR;
				CLANG_WARN_DOCUMENTATION_COMMENTS = YES;
				CLANG_WARN_EMPTY_BODY = YES;
				CLANG_WARN_ENUM_CONVERSION = YES;
				CLANG_WARN_INFINITE_RECURSION = YES;
				CLANG_WARN_INT_CONVERSION = YES;
				CLANG_WARN_NON_LITERAL_NULL_CONVERSION = YES;
				CLANG_WARN_OBJC_IMPLICIT_RETAIN_SELF = YES;
				CLANG_WARN_OBJC_LITERAL_CONVERSION = YES;
				CLANG_WARN_OBJC_ROOT_CLASS = YES_ERROR;
				CLANG_WARN_RANGE_LOOP_ANALYSIS = YES;
				CLANG_WARN_STRICT_PROTOTYPES = YES;
				CLANG_WARN_SUSPICIOUS_MOVE = YES;
				CLANG_WARN_UNGUARDED_AVAILABILITY = YES_AGGRESSIVE;
				CLANG_WARN_UNREACHABLE_CODE = YES;
				CLANG_WARN__DUPLICATE_METHOD_MATCH = YES;
				CODE_SIGN_IDENTITY = "iPhone Developer";
				COPY_PHASE_STRIP = NO;
				DEBUG_INFORMATION_FORMAT = dwarf;
				ENABLE_STRICT_OBJC_MSGSEND = YES;
				ENABLE_TESTABILITY = YES;
				GCC_C_LANGUAGE_STANDARD = gnu11;
				GCC_DYNAMIC_NO_PIC = NO;
				GCC_NO_COMMON_BLOCKS = YES;
				GCC_OPTIMIZATION_LEVEL = 0;
				GCC_PREPROCESSOR_DEFINITIONS = (
					"DEBUG=1",
					"$(inherited)",
				);
				GCC_WARN_64_TO_32_BIT_CONVERSION = YES;
				GCC_WARN_ABOUT_RETURN_TYPE = YES_ERROR;
				GCC_WARN_UNDECLARED_SELECTOR = YES;
				GCC_WARN_UNINITIALIZED_AUTOS = YES_AGGRESSIVE;
				GCC_WARN_UNUSED_FUNCTION = YES;
				GCC_WARN_UNUSED_VARIABLE = YES;
				IPHONEOS_DEPLOYMENT_TARGET = 12.1;
				MTL_ENABLE_DEBUG_INFO = INCLUDE_SOURCE;
				MTL_FAST_MATH = YES;
				ONLY_ACTIVE_ARCH = YES;
				SDKROOT = iphoneos;
				SWIFT_ACTIVE_COMPILATION_CONDITIONS = DEBUG;
				SWIFT_OPTIMIZATION_LEVEL = "-Onone";
			};
			name = Debug;
		};
		7D765E59221E0111005BDB30 /* Release */ = {
			isa = XCBuildConfiguration;
			buildSettings = {
				ALWAYS_SEARCH_USER_PATHS = NO;
				CLANG_ANALYZER_NONNULL = YES;
				CLANG_ANALYZER_NUMBER_OBJECT_CONVERSION = YES_AGGRESSIVE;
				CLANG_CXX_LANGUAGE_STANDARD = "gnu++14";
				CLANG_CXX_LIBRARY = "libc++";
				CLANG_ENABLE_MODULES = YES;
				CLANG_ENABLE_OBJC_ARC = YES;
				CLANG_ENABLE_OBJC_WEAK = YES;
				CLANG_WARN_BLOCK_CAPTURE_AUTORELEASING = YES;
				CLANG_WARN_BOOL_CONVERSION = YES;
				CLANG_WARN_COMMA = YES;
				CLANG_WARN_CONSTANT_CONVERSION = YES;
				CLANG_WARN_DEPRECATED_OBJC_IMPLEMENTATIONS = YES;
				CLANG_WARN_DIRECT_OBJC_ISA_USAGE = YES_ERROR;
				CLANG_WARN_DOCUMENTATION_COMMENTS = YES;
				CLANG_WARN_EMPTY_BODY = YES;
				CLANG_WARN_ENUM_CONVERSION = YES;
				CLANG_WARN_INFINITE_RECURSION = YES;
				CLANG_WARN_INT_CONVERSION = YES;
				CLANG_WARN_NON_LITERAL_NULL_CONVERSION = YES;
				CLANG_WARN_OBJC_IMPLICIT_RETAIN_SELF = YES;
				CLANG_WARN_OBJC_LITERAL_CONVERSION = YES;
				CLANG_WARN_OBJC_ROOT_CLASS = YES_ERROR;
				CLANG_WARN_RANGE_LOOP_ANALYSIS = YES;
				CLANG_WARN_STRICT_PROTOTYPES = YES;
				CLANG_WARN_SUSPICIOUS_MOVE = YES;
				CLANG_WARN_UNGUARDED_AVAILABILITY = YES_AGGRESSIVE;
				CLANG_WARN_UNREACHABLE_CODE = YES;
				CLANG_WARN__DUPLICATE_METHOD_MATCH = YES;
				CODE_SIGN_IDENTITY = "iPhone Developer";
				COPY_PHASE_STRIP = NO;
				DEBUG_INFORMATION_FORMAT = "dwarf-with-dsym";
				ENABLE_NS_ASSERTIONS = NO;
				ENABLE_STRICT_OBJC_MSGSEND = YES;
				GCC_C_LANGUAGE_STANDARD = gnu11;
				GCC_NO_COMMON_BLOCKS = YES;
				GCC_WARN_64_TO_32_BIT_CONVERSION = YES;
				GCC_WARN_ABOUT_RETURN_TYPE = YES_ERROR;
				GCC_WARN_UNDECLARED_SELECTOR = YES;
				GCC_WARN_UNINITIALIZED_AUTOS = YES_AGGRESSIVE;
				GCC_WARN_UNUSED_FUNCTION = YES;
				GCC_WARN_UNUSED_VARIABLE = YES;
				IPHONEOS_DEPLOYMENT_TARGET = 12.1;
				MTL_ENABLE_DEBUG_INFO = NO;
				MTL_FAST_MATH = YES;
				SDKROOT = iphoneos;
				SWIFT_COMPILATION_MODE = wholemodule;
				SWIFT_OPTIMIZATION_LEVEL = "-O";
				VALIDATE_PRODUCT = YES;
			};
			name = Release;
		};
		7D765E5B221E0111005BDB30 /* Debug */ = {
			isa = XCBuildConfiguration;
			baseConfigurationReference = 86B929A766A1314AA400462E /* Pods-HeartPlant.debug.xcconfig */;
			buildSettings = {
				ASSETCATALOG_COMPILER_APPICON_NAME = AppIcon;
				CODE_SIGN_STYLE = Automatic;
				DEVELOPMENT_TEAM = 3TDSAUM76X;
				INFOPLIST_FILE = HeartPlant/Info.plist;
				LD_RUNPATH_SEARCH_PATHS = (
					"$(inherited)",
					"@executable_path/Frameworks",
				);
				PRODUCT_BUNDLE_IDENTIFIER = com.ngo.jason.HeartPlant;
				PRODUCT_NAME = "$(TARGET_NAME)";
				SWIFT_VERSION = 4.2;
				TARGETED_DEVICE_FAMILY = "1,2";
			};
			name = Debug;
		};
		7D765E5C221E0111005BDB30 /* Release */ = {
			isa = XCBuildConfiguration;
			baseConfigurationReference = 382DA4D4D9791A8530EF71BC /* Pods-HeartPlant.release.xcconfig */;
			buildSettings = {
				ASSETCATALOG_COMPILER_APPICON_NAME = AppIcon;
				CODE_SIGN_STYLE = Automatic;
				DEVELOPMENT_TEAM = 3TDSAUM76X;
				INFOPLIST_FILE = HeartPlant/Info.plist;
				LD_RUNPATH_SEARCH_PATHS = (
					"$(inherited)",
					"@executable_path/Frameworks",
				);
				PRODUCT_BUNDLE_IDENTIFIER = com.ngo.jason.HeartPlant;
				PRODUCT_NAME = "$(TARGET_NAME)";
				SWIFT_VERSION = 4.2;
				TARGETED_DEVICE_FAMILY = "1,2";
			};
			name = Release;
		};
		7D765E5E221E0111005BDB30 /* Debug */ = {
			isa = XCBuildConfiguration;
			baseConfigurationReference = 78727553C0F97F1E7CCE69DE /* Pods-HeartPlantTests.debug.xcconfig */;
			buildSettings = {
				ALWAYS_EMBED_SWIFT_STANDARD_LIBRARIES = YES;
				BUNDLE_LOADER = "$(TEST_HOST)";
				CODE_SIGN_STYLE = Automatic;
				DEVELOPMENT_TEAM = 3TDSAUM76X;
				INFOPLIST_FILE = HeartPlantTests/Info.plist;
				LD_RUNPATH_SEARCH_PATHS = (
					"$(inherited)",
					"@executable_path/Frameworks",
					"@loader_path/Frameworks",
				);
				PRODUCT_BUNDLE_IDENTIFIER = com.ngo.jason.HeartPlantTests;
				PRODUCT_NAME = "$(TARGET_NAME)";
				SWIFT_VERSION = 4.2;
				TARGETED_DEVICE_FAMILY = "1,2";
				TEST_HOST = "$(BUILT_PRODUCTS_DIR)/HeartPlant.app/HeartPlant";
			};
			name = Debug;
		};
		7D765E5F221E0111005BDB30 /* Release */ = {
			isa = XCBuildConfiguration;
			baseConfigurationReference = 028BF99CAF046B2F179DCB9F /* Pods-HeartPlantTests.release.xcconfig */;
			buildSettings = {
				ALWAYS_EMBED_SWIFT_STANDARD_LIBRARIES = YES;
				BUNDLE_LOADER = "$(TEST_HOST)";
				CODE_SIGN_STYLE = Automatic;
				DEVELOPMENT_TEAM = 3TDSAUM76X;
				INFOPLIST_FILE = HeartPlantTests/Info.plist;
				LD_RUNPATH_SEARCH_PATHS = (
					"$(inherited)",
					"@executable_path/Frameworks",
					"@loader_path/Frameworks",
				);
				PRODUCT_BUNDLE_IDENTIFIER = com.ngo.jason.HeartPlantTests;
				PRODUCT_NAME = "$(TARGET_NAME)";
				SWIFT_VERSION = 4.2;
				TARGETED_DEVICE_FAMILY = "1,2";
				TEST_HOST = "$(BUILT_PRODUCTS_DIR)/HeartPlant.app/HeartPlant";
			};
			name = Release;
		};
/* End XCBuildConfiguration section */

/* Begin XCConfigurationList section */
		7D765E38221E010F005BDB30 /* Build configuration list for PBXProject "HeartPlant" */ = {
			isa = XCConfigurationList;
			buildConfigurations = (
				7D765E58221E0111005BDB30 /* Debug */,
				7D765E59221E0111005BDB30 /* Release */,
			);
			defaultConfigurationIsVisible = 0;
			defaultConfigurationName = Release;
		};
		7D765E5A221E0111005BDB30 /* Build configuration list for PBXNativeTarget "HeartPlant" */ = {
			isa = XCConfigurationList;
			buildConfigurations = (
				7D765E5B221E0111005BDB30 /* Debug */,
				7D765E5C221E0111005BDB30 /* Release */,
			);
			defaultConfigurationIsVisible = 0;
			defaultConfigurationName = Release;
		};
		7D765E5D221E0111005BDB30 /* Build configuration list for PBXNativeTarget "HeartPlantTests" */ = {
			isa = XCConfigurationList;
			buildConfigurations = (
				7D765E5E221E0111005BDB30 /* Debug */,
				7D765E5F221E0111005BDB30 /* Release */,
			);
			defaultConfigurationIsVisible = 0;
			defaultConfigurationName = Release;
		};
/* End XCConfigurationList section */

/* Begin XCVersionGroup section */
		7D93FED622302B5000585EAB /* HeartPlant.xcdatamodeld */ = {
			isa = XCVersionGroup;
			children = (
				7D93FED722302B5000585EAB /* HeartPlant.xcdatamodel */,
			);
			currentVersion = 7D93FED722302B5000585EAB /* HeartPlant.xcdatamodel */;
			path = HeartPlant.xcdatamodeld;
			sourceTree = "<group>";
			versionGroupType = wrapper.xcdatamodel;
		};
/* End XCVersionGroup section */
	};
	rootObject = 7D765E35221E010F005BDB30 /* Project object */;
}
